
Microsoft Visual Studio Solution File, Format Version 12.00
# Visual Studio 15
VisualStudioVersion = 15.0.28010.2046
MinimumVisualStudioVersion = 10.0.40219.1
Project("{9A19103F-16F7-4668-BE54-9A1E7A4F7556}") = "Usb.Net", "Usb.Net\Usb.Net.csproj", "{897DA90B-C5DA-4884-B31B-31B0F626B768}"
EndProject
Project("{FAE04EC0-301F-11D3-BF4B-00C04F79EFBC}") = "Usb.Net.Android", "Usb.Net.Android\Usb.Net.Android.csproj", "{A6FB0608-0D21-4892-ADCE-3E79ABCC030D}"
EndProject
Project("{FAE04EC0-301F-11D3-BF4B-00C04F79EFBC}") = "Usb.Net.Sample", "Usb.Net.Sample\Usb.Net.Sample.csproj", "{5143147A-5B74-4849-B6BF-F692BE3AAA7C}"
EndProject
Project("{9A19103F-16F7-4668-BE54-9A1E7A4F7556}") = "Device.Net", "..\Device.Net\Device.Net\Device.Net\Device.Net.csproj", "{55588C7B-5897-4FB3-8078-9A749FB61D36}"
EndProject
Global
	GlobalSection(SolutionConfigurationPlatforms) = preSolution
		Debug|Any CPU = Debug|Any CPU
		Release|Any CPU = Release|Any CPU
	EndGlobalSection
	GlobalSection(ProjectConfigurationPlatforms) = postSolution
		{897DA90B-C5DA-4884-B31B-31B0F626B768}.Debug|Any CPU.ActiveCfg = Debug|Any CPU
		{897DA90B-C5DA-4884-B31B-31B0F626B768}.Debug|Any CPU.Build.0 = Debug|Any CPU
		{897DA90B-C5DA-4884-B31B-31B0F626B768}.Release|Any CPU.ActiveCfg = Release|Any CPU
		{897DA90B-C5DA-4884-B31B-31B0F626B768}.Release|Any CPU.Build.0 = Release|Any CPU
		{A6FB0608-0D21-4892-ADCE-3E79ABCC030D}.Debug|Any CPU.ActiveCfg = Debug|Any CPU
		{A6FB0608-0D21-4892-ADCE-3E79ABCC030D}.Debug|Any CPU.Build.0 = Debug|Any CPU
		{A6FB0608-0D21-4892-ADCE-3E79ABCC030D}.Release|Any CPU.ActiveCfg = Release|Any CPU
		{A6FB0608-0D21-4892-ADCE-3E79ABCC030D}.Release|Any CPU.Build.0 = Release|Any CPU
		{5143147A-5B74-4849-B6BF-F692BE3AAA7C}.Debug|Any CPU.ActiveCfg = Debug|Any CPU
		{5143147A-5B74-4849-B6BF-F692BE3AAA7C}.Debug|Any CPU.Build.0 = Debug|Any CPU
		{5143147A-5B74-4849-B6BF-F692BE3AAA7C}.Release|Any CPU.ActiveCfg = Release|Any CPU
		{5143147A-5B74-4849-B6BF-F692BE3AAA7C}.Release|Any CPU.Build.0 = Release|Any CPU
		{55588C7B-5897-4FB3-8078-9A749FB61D36}.Debug|Any CPU.ActiveCfg = Debug|Any CPU
		{55588C7B-5897-4FB3-8078-9A749FB61D36}.Debug|Any CPU.Build.0 = Debug|Any CPU
		{55588C7B-5897-4FB3-8078-9A749FB61D36}.Release|Any CPU.ActiveCfg = Release|Any CPU
		{55588C7B-5897-4FB3-8078-9A749FB61D36}.Release|Any CPU.Build.0 = Release|Any CPU
	EndGlobalSection
	GlobalSection(SolutionProperties) = preSolution
		HideSolutionNode = FALSE
	EndGlobalSection
	GlobalSection(ExtensibilityGlobals) = postSolution
		SolutionGuid = {F7D72240-FCAC-473B-AD1D-725C9647B1B4}
	EndGlobalSection
EndGlobal
